{
  "name": "keys",
  "version": "1.0.0",
  "lockfileVersion": 2,
  "requires": true,
  "packages": {
    "": {
      "name": "keys",
      "version": "1.0.0",
      "license": "ISC",
      "dependencies": {
        "typescript": "^4.8.3"
      }
    },
    "node_modules/typescript": {
      "version": "4.8.3",
      "resolved": "https://artifacts.uptake.com/artifactory/api/npm/npm-draft/typescript/-/typescript-4.8.3.tgz",
      "integrity": "sha1-1ZNEUixLxGSmWnMKxpUAf9tm3Yg=",
      "license": "Apache-2.0",
      "bin": {
        "tsc": "bin/tsc",
        "tsserver": "bin/tsserver"
      },
      "engines": {
        "node": ">=4.2.0"
      }
    }
  },
  "dependencies": {
    "typescript": {
      "version": "4.8.3",
      "resolved": "https://artifacts.uptake.com/artifactory/api/npm/npm-draft/typescript/-/typescript-4.8.3.tgz",
      "integrity": "sha1-1ZNEUixLxGSmWnMKxpUAf9tm3Yg="
    }
  }
}
